
Microsoft Visual Studio Solution File, Format Version 12.00
# Visual Studio Version 16
VisualStudioVersion = 16.0.32126.315
MinimumVisualStudioVersion = 10.0.40219.1
Project("{FAE04EC0-301F-11D3-BF4B-00C04F79EFBC}") = "P129HomeWork1", "P129HomeWork1.csproj", "{9DFEF816-7AC7-4E98-8803-F4EB2BFE7146}"
EndProject
Global
	GlobalSection(SolutionConfigurationPlatforms) = preSolution
		Debug|Any CPU = Debug|Any CPU
		Release|Any CPU = Release|Any CPU
	EndGlobalSection
	GlobalSection(ProjectConfigurationPlatforms) = postSolution
		{9DFEF816-7AC7-4E98-8803-F4EB2BFE7146}.Debug|Any CPU.ActiveCfg = Debug|Any CPU
		{9DFEF816-7AC7-4E98-8803-F4EB2BFE7146}.Debug|Any CPU.Build.0 = Debug|Any CPU
		{9DFEF816-7AC7-4E98-8803-F4EB2BFE7146}.Release|Any CPU.ActiveCfg = Release|Any CPU
		{9DFEF816-7AC7-4E98-8803-F4EB2BFE7146}.Release|Any CPU.Build.0 = Release|Any CPU
	EndGlobalSection
	GlobalSection(SolutionProperties) = preSolution
		HideSolutionNode = FALSE
	EndGlobalSection
	GlobalSection(ExtensibilityGlobals) = postSolution
		SolutionGuid = {AF277E67-5630-4326-9951-0B7BA53CF187}
	EndGlobalSection
EndGlobal
