
Microsoft Visual Studio Solution File, Format Version 12.00
# Visual Studio Version 16
VisualStudioVersion = 16.0.32126.315
MinimumVisualStudioVersion = 10.0.40219.1
Project("{FAE04EC0-301F-11D3-BF4B-00C04F79EFBC}") = "P129HomeWork2", "P129HomeWork2.csproj", "{0FCA7853-9BB6-415F-9D34-5B77DE4C00C0}"
EndProject
Global
	GlobalSection(SolutionConfigurationPlatforms) = preSolution
		Debug|Any CPU = Debug|Any CPU
		Release|Any CPU = Release|Any CPU
	EndGlobalSection
	GlobalSection(ProjectConfigurationPlatforms) = postSolution
		{0FCA7853-9BB6-415F-9D34-5B77DE4C00C0}.Debug|Any CPU.ActiveCfg = Debug|Any CPU
		{0FCA7853-9BB6-415F-9D34-5B77DE4C00C0}.Debug|Any CPU.Build.0 = Debug|Any CPU
		{0FCA7853-9BB6-415F-9D34-5B77DE4C00C0}.Release|Any CPU.ActiveCfg = Release|Any CPU
		{0FCA7853-9BB6-415F-9D34-5B77DE4C00C0}.Release|Any CPU.Build.0 = Release|Any CPU
	EndGlobalSection
	GlobalSection(SolutionProperties) = preSolution
		HideSolutionNode = FALSE
	EndGlobalSection
	GlobalSection(ExtensibilityGlobals) = postSolution
		SolutionGuid = {F6793BB7-0331-4345-BAC2-3F807A23750B}
	EndGlobalSection
EndGlobal
